// !$*UTF8*$!
{
	archiveVersion = 1;
	classes = {
	};
	objectVersion = 45;
	objects = {

/* Begin PBXBuildFile section */
		6B1849B8150F395200E5C7DA /* MappedTable.cpp in Sources */ = {isa = PBXBuildFile; fileRef = 6B1849B7150F395200E5C7DA /* MappedTable.cpp */; };
		6B1849E8150FC72400E5C7DA /* ObjectModel.cpp in Sources */ = {isa = PBXBuildFile; fileRef = 6B1849E7150FC72400E5C7DA /* ObjectModel.cpp */; };
		6B72829E166EDAE300360BA1 /* OrmGenerator.cpp in Sources */ = {isa = PBXBuildFile; fileRef = 6B72829D166EDAE300360BA1 /* OrmGenerator.cpp */; };
		6B8EAECE14FED55B0023899E /* main.cpp in Sources */ = {isa = PBXBuildFile; fileRef = 6B8EAECD14FED55B0023899E /* main.cpp */; };
		6BC62AD515089359002A562C /* Parser.cpp in Sources */ = {isa = PBXBuildFile; fileRef = 6BC62AD115089359002A562C /* Parser.cpp */; };
		6BC62AD615089359002A562C /* Scanner.cpp in Sources */ = {isa = PBXBuildFile; fileRef = 6BC62AD315089359002A562C /* Scanner.cpp */; };
		8DD76F6A0486A84900D96B5E /* ddl2cpp.1 in CopyFiles */ = {isa = PBXBuildFile; fileRef = C6859E8B029090EE04C91782 /* ddl2cpp.1 */; };
/* End PBXBuildFile section */

/* Begin PBXCopyFilesBuildPhase section */
		8DD76F690486A84900D96B5E /* CopyFiles */ = {
			isa = PBXCopyFilesBuildPhase;
			buildActionMask = 8;
			dstPath = /usr/share/man/man1/;
			dstSubfolderSpec = 0;
			files = (
				8DD76F6A0486A84900D96B5E /* ddl2cpp.1 in CopyFiles */,
			);
			runOnlyForDeploymentPostprocessing = 1;
		};
/* End PBXCopyFilesBuildPhase section */

/* Begin PBXFileReference section */
		6B1849B6150F395200E5C7DA /* MappedTable.h */ = {isa = PBXFileReference; fileEncoding = 4; lastKnownFileType = sourcecode.c.h; path = MappedTable.h; sourceTree = "<group>"; };
		6B1849B7150F395200E5C7DA /* MappedTable.cpp */ = {isa = PBXFileReference; fileEncoding = 4; lastKnownFileType = sourcecode.cpp.cpp; path = MappedTable.cpp; sourceTree = "<group>"; };
		6B1849E6150FC72400E5C7DA /* ObjectModel.h */ = {isa = PBXFileReference; fileEncoding = 4; lastKnownFileType = sourcecode.c.h; path = ObjectModel.h; sourceTree = "<group>"; };
		6B1849E7150FC72400E5C7DA /* ObjectModel.cpp */ = {isa = PBXFileReference; fileEncoding = 4; lastKnownFileType = sourcecode.cpp.cpp; path = ObjectModel.cpp; sourceTree = "<group>"; };
		6B184A201510D13B00E5C7DA /* MappingUtils.h */ = {isa = PBXFileReference; fileEncoding = 4; lastKnownFileType = sourcecode.c.h; path = MappingUtils.h; sourceTree = "<group>"; };
		6B728237166ECD1A00360BA1 /* test-db.sql */ = {isa = PBXFileReference; fileEncoding = 4; lastKnownFileType = text; name = "test-db.sql"; path = "test/private/test-db.sql"; sourceTree = "<group>"; };
		6B728238166ECD1A00360BA1 /* test-table.sql */ = {isa = PBXFileReference; fileEncoding = 4; lastKnownFileType = text; name = "test-table.sql"; path = "test/private/test-table.sql"; sourceTree = "<group>"; };
		6B728239166ECD1A00360BA1 /* VidalMono.sql */ = {isa = PBXFileReference; fileEncoding = 4; lastKnownFileType = text; name = VidalMono.sql; path = test/private/VidalMono.sql; sourceTree = "<group>"; };
		6B72829C166EDAE300360BA1 /* OrmGenerator.h */ = {isa = PBXFileReference; fileEncoding = 4; lastKnownFileType = sourcecode.c.h; path = OrmGenerator.h; sourceTree = "<group>"; };
		6B72829D166EDAE300360BA1 /* OrmGenerator.cpp */ = {isa = PBXFileReference; fileEncoding = 4; lastKnownFileType = sourcecode.cpp.cpp; path = OrmGenerator.cpp; sourceTree = "<group>"; };
		6B8C9F4E1500AFEE000884D2 /* cppClassTemplate.inc.h */ = {isa = PBXFileReference; fileEncoding = 4; lastKnownFileType = sourcecode.c.h; path = cppClassTemplate.inc.h; sourceTree = "<group>"; };
		6B8EAEC314FEBE560023899E /* ddl2cpp.atg */ = {isa = PBXFileReference; explicitFileType = sourcecode.cpp.h; fileEncoding = 4; path = ddl2cpp.atg; sourceTree = "<group>"; };
		6B8EAECD14FED55B0023899E /* main.cpp */ = {isa = PBXFileReference; fileEncoding = 4; lastKnownFileType = sourcecode.cpp.cpp; path = main.cpp; sourceTree = "<group>"; };
		6BC62AD115089359002A562C /* Parser.cpp */ = {isa = PBXFileReference; fileEncoding = 4; lastKnownFileType = sourcecode.cpp.cpp; name = Parser.cpp; path = cocoGenerated/Parser.cpp; sourceTree = "<group>"; };
		6BC62AD215089359002A562C /* Parser.h */ = {isa = PBXFileReference; fileEncoding = 4; lastKnownFileType = sourcecode.c.h; name = Parser.h; path = cocoGenerated/Parser.h; sourceTree = "<group>"; };
		6BC62AD315089359002A562C /* Scanner.cpp */ = {isa = PBXFileReference; fileEncoding = 4; lastKnownFileType = sourcecode.cpp.cpp; name = Scanner.cpp; path = cocoGenerated/Scanner.cpp; sourceTree = "<group>"; };
		6BC62AD415089359002A562C /* Scanner.h */ = {isa = PBXFileReference; fileEncoding = 4; lastKnownFileType = sourcecode.c.h; name = Scanner.h; path = cocoGenerated/Scanner.h; sourceTree = "<group>"; };
		8DD76F6C0486A84900D96B5E /* ddl2cpp */ = {isa = PBXFileReference; explicitFileType = "compiled.mach-o.executable"; includeInIndex = 0; path = ddl2cpp; sourceTree = BUILT_PRODUCTS_DIR; };
		C6859E8B029090EE04C91782 /* ddl2cpp.1 */ = {isa = PBXFileReference; lastKnownFileType = text.man; path = ddl2cpp.1; sourceTree = "<group>"; };
/* End PBXFileReference section */

/* Begin PBXFrameworksBuildPhase section */
		8DD76F660486A84900D96B5E /* Frameworks */ = {
			isa = PBXFrameworksBuildPhase;
			buildActionMask = 2147483647;
			files = (
			);
			runOnlyForDeploymentPostprocessing = 0;
		};
/* End PBXFrameworksBuildPhase section */

/* Begin PBXGroup section */
		08FB7794FE84155DC02AAC07 /* ddl2cpp */ = {
			isa = PBXGroup;
			children = (
				6BA82F081503959F00ECD299 /* test */,
				6B8EAEC314FEBE560023899E /* ddl2cpp.atg */,
				08FB7795FE84155DC02AAC07 /* Source */,
				C6859E8C029090F304C91782 /* Documentation */,
				1AB674ADFE9D54B511CA2CBB /* Products */,
			);
			name = ddl2cpp;
			sourceTree = "<group>";
		};
		08FB7795FE84155DC02AAC07 /* Source */ = {
			isa = PBXGroup;
			children = (
				6B184A0415108AD700E5C7DA /* headers */,
				6BC62AD015089339002A562C /* cocoGenerated */,
				6B8EAECD14FED55B0023899E /* main.cpp */,
				6B1849E7150FC72400E5C7DA /* ObjectModel.cpp */,
				6B1849B7150F395200E5C7DA /* MappedTable.cpp */,
				6B72829D166EDAE300360BA1 /* OrmGenerator.cpp */,
			);
			name = Source;
			sourceTree = "<group>";
		};
		1AB674ADFE9D54B511CA2CBB /* Products */ = {
			isa = PBXGroup;
			children = (
				8DD76F6C0486A84900D96B5E /* ddl2cpp */,
			);
			name = Products;
			sourceTree = "<group>";
		};
		6B184A0415108AD700E5C7DA /* headers */ = {
			isa = PBXGroup;
			children = (
				6B8C9F4E1500AFEE000884D2 /* cppClassTemplate.inc.h */,
				6B1849E6150FC72400E5C7DA /* ObjectModel.h */,
				6B1849B6150F395200E5C7DA /* MappedTable.h */,
				6B184A201510D13B00E5C7DA /* MappingUtils.h */,
				6B72829C166EDAE300360BA1 /* OrmGenerator.h */,
			);
			name = headers;
			sourceTree = "<group>";
		};
		6BA82F081503959F00ECD299 /* test */ = {
			isa = PBXGroup;
			children = (
				6B728237166ECD1A00360BA1 /* test-db.sql */,
				6B728238166ECD1A00360BA1 /* test-table.sql */,
				6B728239166ECD1A00360BA1 /* VidalMono.sql */,
			);
			name = test;
			sourceTree = "<group>";
		};
		6BC62AD015089339002A562C /* cocoGenerated */ = {
			isa = PBXGroup;
			children = (
				6BC62AD115089359002A562C /* Parser.cpp */,
				6BC62AD215089359002A562C /* Parser.h */,
				6BC62AD315089359002A562C /* Scanner.cpp */,
				6BC62AD415089359002A562C /* Scanner.h */,
			);
			name = cocoGenerated;
			sourceTree = "<group>";
		};
		C6859E8C029090F304C91782 /* Documentation */ = {
			isa = PBXGroup;
			children = (
				C6859E8B029090EE04C91782 /* ddl2cpp.1 */,
			);
			name = Documentation;
			sourceTree = "<group>";
		};
/* End PBXGroup section */

/* Begin PBXNativeTarget section */
		8DD76F620486A84900D96B5E /* ddl2cpp */ = {
			isa = PBXNativeTarget;
			buildConfigurationList = 1DEB923108733DC60010E9CD /* Build configuration list for PBXNativeTarget "ddl2cpp" */;
			buildPhases = (
				6BA82DF215031FED00ECD299 /* ShellScript */,
				8DD76F640486A84900D96B5E /* Sources */,
				8DD76F660486A84900D96B5E /* Frameworks */,
				8DD76F690486A84900D96B5E /* CopyFiles */,
			);
			buildRules = (
			);
			dependencies = (
			);
			name = ddl2cpp;
			productInstallPath = "$(HOME)/bin";
			productName = ddl2cpp;
			productReference = 8DD76F6C0486A84900D96B5E /* ddl2cpp */;
			productType = "com.apple.product-type.tool";
		};
/* End PBXNativeTarget section */

/* Begin PBXProject section */
		08FB7793FE84155DC02AAC07 /* Project object */ = {
			isa = PBXProject;
			attributes = {
				ORGANIZATIONNAME = Vidal;
			};
			buildConfigurationList = 1DEB923508733DC60010E9CD /* Build configuration list for PBXProject "ddl2cpp" */;
			compatibilityVersion = "Xcode 3.1";
			developmentRegion = English;
			hasScannedForEncodings = 1;
			knownRegions = (
				English,
				Japanese,
				French,
				German,
			);
			mainGroup = 08FB7794FE84155DC02AAC07 /* ddl2cpp */;
			projectDirPath = "";
			projectRoot = "";
			targets = (
				8DD76F620486A84900D96B5E /* ddl2cpp */,
			);
		};
/* End PBXProject section */

/* Begin PBXShellScriptBuildPhase section */
		6BA82DF215031FED00ECD299 /* ShellScript */ = {
			isa = PBXShellScriptBuildPhase;
			buildActionMask = 2147483647;
			files = (
			);
			inputPaths = (
				"$(SRCROOT)/ddl2cpp.atg",
			);
			outputPaths = (
				"$(SRCROOT)/Parser.cpp",
				"$(SRCROOT)/Parser.h",
				"$(SRCROOT)/Scanner.h",
				"$(SRCROOT)/Scanner.cpp",
			);
			runOnlyForDeploymentPostprocessing = 0;
			shellPath = /bin/sh;
			shellScript = "./cocoDir/coco ./ddl2cpp.atg -frames ./cocoDir -o ./cocoGenerated";
		};
/* End PBXShellScriptBuildPhase section */

/* Begin PBXSourcesBuildPhase section */
		8DD76F640486A84900D96B5E /* Sources */ = {
			isa = PBXSourcesBuildPhase;
			buildActionMask = 2147483647;
			files = (
				6B8EAECE14FED55B0023899E /* main.cpp in Sources */,
				6BC62AD515089359002A562C /* Parser.cpp in Sources */,
				6BC62AD615089359002A562C /* Scanner.cpp in Sources */,
				6B1849B8150F395200E5C7DA /* MappedTable.cpp in Sources */,
				6B1849E8150FC72400E5C7DA /* ObjectModel.cpp in Sources */,
				6B72829E166EDAE300360BA1 /* OrmGenerator.cpp in Sources */,
			);
			runOnlyForDeploymentPostprocessing = 0;
		};
/* End PBXSourcesBuildPhase section */

/* Begin XCBuildConfiguration section */
		1DEB923208733DC60010E9CD /* Debug */ = {
			isa = XCBuildConfiguration;
			buildSettings = {
				ALWAYS_SEARCH_USER_PATHS = NO;
				COPY_PHASE_STRIP = NO;
				GCC_DYNAMIC_NO_PIC = NO;
				GCC_ENABLE_FIX_AND_CONTINUE = YES;
				GCC_MODEL_TUNING = G5;
				GCC_OPTIMIZATION_LEVEL = 0;
				INSTALL_PATH = /usr/local/bin;
				PRODUCT_NAME = ddl2cpp;
			};
			name = Debug;
		};
		1DEB923308733DC60010E9CD /* Release */ = {
			isa = XCBuildConfiguration;
			buildSettings = {
				ALWAYS_SEARCH_USER_PATHS = NO;
				DEBUG_INFORMATION_FORMAT = "dwarf-with-dsym";
				GCC_MODEL_TUNING = G5;
				INSTALL_PATH = /usr/local/bin;
				PRODUCT_NAME = ddl2cpp;
			};
			name = Release;
		};
		1DEB923608733DC60010E9CD /* Debug */ = {
			isa = XCBuildConfiguration;
			buildSettings = {
				ARCHS = "$(ARCHS_STANDARD_32_64_BIT)";
				GCC_C_LANGUAGE_STANDARD = gnu99;
				GCC_OPTIMIZATION_LEVEL = 0;
				GCC_WARN_ABOUT_RETURN_TYPE = YES;
				GCC_WARN_UNUSED_VARIABLE = YES;
				ONLY_ACTIVE_ARCH = YES;
				PREBINDING = NO;
				SDKROOT = macosx10.6;
				USER_HEADER_SEARCH_PATHS = "$(PROJECT_DIR)/cocoGenerated";
			};
			name = Debug;
		};
		1DEB923708733DC60010E9CD /* Release */ = {
			isa = XCBuildConfiguration;
			buildSettings = {
				ARCHS = "$(ARCHS_STANDARD_32_64_BIT)";
				GCC_C_LANGUAGE_STANDARD = gnu99;
				GCC_WARN_ABOUT_RETURN_TYPE = YES;
				GCC_WARN_UNUSED_VARIABLE = YES;
				PREBINDING = NO;
				SDKROOT = macosx10.6;
				USER_HEADER_SEARCH_PATHS = "$(PROJECT_DIR)/cocoGenerated";
			};
			name = Release;
		};
/* End XCBuildConfiguration section */

/* Begin XCConfigurationList section */
		1DEB923108733DC60010E9CD /* Build configuration list for PBXNativeTarget "ddl2cpp" */ = {
			isa = XCConfigurationList;
			buildConfigurations = (
				1DEB923208733DC60010E9CD /* Debug */,
				1DEB923308733DC60010E9CD /* Release */,
			);
			defaultConfigurationIsVisible = 0;
			defaultConfigurationName = Release;
		};
		1DEB923508733DC60010E9CD /* Build configuration list for PBXProject "ddl2cpp" */ = {
			isa = XCConfigurationList;
			buildConfigurations = (
				1DEB923608733DC60010E9CD /* Debug */,
				1DEB923708733DC60010E9CD /* Release */,
			);
			defaultConfigurationIsVisible = 0;
			defaultConfigurationName = Release;
		};
/* End XCConfigurationList section */
	};
	rootObject = 08FB7793FE84155DC02AAC07 /* Project object */;
}
